
Microsoft Visual Studio Solution File, Format Version 12.00
# Visual Studio Version 16
VisualStudioVersion = 16.0.34031.81
MinimumVisualStudioVersion = 10.0.40219.1
Project("{FAE04EC0-301F-11D3-BF4B-00C04F79EFBC}") = "My_Store2", "My_Store2.csproj", "{B0270CFD-500C-4759-9426-4AEC49AA5623}"
EndProject
Global
	GlobalSection(SolutionConfigurationPlatforms) = preSolution
		Debug|Any CPU = Debug|Any CPU
		Release|Any CPU = Release|Any CPU
	EndGlobalSection
	GlobalSection(ProjectConfigurationPlatforms) = postSolution
		{B0270CFD-500C-4759-9426-4AEC49AA5623}.Debug|Any CPU.ActiveCfg = Debug|Any CPU
		{B0270CFD-500C-4759-9426-4AEC49AA5623}.Debug|Any CPU.Build.0 = Debug|Any CPU
		{B0270CFD-500C-4759-9426-4AEC49AA5623}.Release|Any CPU.ActiveCfg = Release|Any CPU
		{B0270CFD-500C-4759-9426-4AEC49AA5623}.Release|Any CPU.Build.0 = Release|Any CPU
	EndGlobalSection
	GlobalSection(SolutionProperties) = preSolution
		HideSolutionNode = FALSE
	EndGlobalSection
	GlobalSection(ExtensibilityGlobals) = postSolution
		SolutionGuid = {E8B6C1B7-5812-4FBD-8960-41E2400D28FA}
	EndGlobalSection
EndGlobal
